
Microsoft Visual Studio Solution File, Format Version 12.00
# Visual Studio Version 16
VisualStudioVersion = 16.0.31729.503
MinimumVisualStudioVersion = 10.0.40219.1
Project("{FAE04EC0-301F-11D3-BF4B-00C04F79EFBC}") = "Binary_Search", "Binary_Search\Binary_Search.csproj", "{C6FB0435-CC5A-4E2C-95FC-9C2698248CB7}"
EndProject
Global
	GlobalSection(SolutionConfigurationPlatforms) = preSolution
		Debug|Any CPU = Debug|Any CPU
		Release|Any CPU = Release|Any CPU
	EndGlobalSection
	GlobalSection(ProjectConfigurationPlatforms) = postSolution
		{C6FB0435-CC5A-4E2C-95FC-9C2698248CB7}.Debug|Any CPU.ActiveCfg = Debug|Any CPU
		{C6FB0435-CC5A-4E2C-95FC-9C2698248CB7}.Debug|Any CPU.Build.0 = Debug|Any CPU
		{C6FB0435-CC5A-4E2C-95FC-9C2698248CB7}.Release|Any CPU.ActiveCfg = Release|Any CPU
		{C6FB0435-CC5A-4E2C-95FC-9C2698248CB7}.Release|Any CPU.Build.0 = Release|Any CPU
	EndGlobalSection
	GlobalSection(SolutionProperties) = preSolution
		HideSolutionNode = FALSE
	EndGlobalSection
	GlobalSection(ExtensibilityGlobals) = postSolution
		SolutionGuid = {6810FE16-3A24-480E-B30B-B86FF41EC6CA}
	EndGlobalSection
EndGlobal
